
Microsoft Visual Studio Solution File, Format Version 12.00
# Visual Studio Version 17
VisualStudioVersion = 17.2.32526.322
MinimumVisualStudioVersion = 10.0.40219.1
Project("{9A19103F-16F7-4668-BE54-9A1E7A4F7556}") = "ProductAPI", "ProductAPI\ProductAPI.csproj", "{FE53A462-C20A-45C0-8535-EB5EE3F4EB08}"
EndProject
Global
	GlobalSection(SolutionConfigurationPlatforms) = preSolution
		Debug|Any CPU = Debug|Any CPU
		Release|Any CPU = Release|Any CPU
	EndGlobalSection
	GlobalSection(ProjectConfigurationPlatforms) = postSolution
		{FE53A462-C20A-45C0-8535-EB5EE3F4EB08}.Debug|Any CPU.ActiveCfg = Debug|Any CPU
		{FE53A462-C20A-45C0-8535-EB5EE3F4EB08}.Debug|Any CPU.Build.0 = Debug|Any CPU
		{FE53A462-C20A-45C0-8535-EB5EE3F4EB08}.Release|Any CPU.ActiveCfg = Release|Any CPU
		{FE53A462-C20A-45C0-8535-EB5EE3F4EB08}.Release|Any CPU.Build.0 = Release|Any CPU
	EndGlobalSection
	GlobalSection(SolutionProperties) = preSolution
		HideSolutionNode = FALSE
	EndGlobalSection
	GlobalSection(ExtensibilityGlobals) = postSolution
		SolutionGuid = {37DE182B-C754-40C2-A9C3-483C93C1BA1F}
	EndGlobalSection
EndGlobal
